
Microsoft Visual Studio Solution File, Format Version 12.00
# Visual Studio Version 17
VisualStudioVersion = 17.9.34728.123
MinimumVisualStudioVersion = 10.0.40219.1
Project("{9A19103F-16F7-4668-BE54-9A1E7A4F7556}") = "SchoolManager.Application", "SchoolManager\SchoolManager.Application.csproj", "{6FCD1E6B-03DE-49E0-94AD-D2784039ACC1}"
EndProject
Project("{2150E333-8FDC-42A3-9474-1A3956D46DE8}") = "SchoolManager.Application", "SchoolManager.Application", "{43784C98-3914-4CF9-AF26-D816E7752B3A}"
EndProject
Project("{2150E333-8FDC-42A3-9474-1A3956D46DE8}") = "SchoolManager.Domain", "SchoolManager.Domain", "{2DDDD2E6-80BB-4156-8201-ED6813E36CA0}"
EndProject
Project("{9A19103F-16F7-4668-BE54-9A1E7A4F7556}") = "SchoolManager.Domain", "SchoolManager.Domain\SchoolManager.Domain.csproj", "{FE7AF92E-2C8C-4113-8BF1-25B392F30A4D}"
EndProject
Project("{2150E333-8FDC-42A3-9474-1A3956D46DE8}") = "SchoolManager.Infrastructure", "SchoolManager.Infrastructure", "{D7FE1AA5-5F97-4662-9B07-2E868256DE1E}"
EndProject
Project("{9A19103F-16F7-4668-BE54-9A1E7A4F7556}") = "SchoolManager.Infrastructure", "SchoolManager.Infrastructure\SchoolManager.Infrastructure.csproj", "{5D3AD87E-FA96-4793-9765-540FAE0898B2}"
EndProject
Project("{9A19103F-16F7-4668-BE54-9A1E7A4F7556}") = "SchoolManager.Service", "SchoolManager.Service\SchoolManager.Service.csproj", "{BD41562C-DB5D-478D-8484-935E4E3DA850}"
EndProject
Project("{2150E333-8FDC-42A3-9474-1A3956D46DE8}") = "SchoolManager.Service", "SchoolManager.Service", "{FD43F1FF-6B0C-40B0-B92C-6B72DCB41453}"
EndProject
Project("{2150E333-8FDC-42A3-9474-1A3956D46DE8}") = "SchoolManager.UnitTests", "SchoolManager.UnitTests", "{B283163A-0809-461C-B628-A27802D1A8B1}"
EndProject
Project("{FAE04EC0-301F-11D3-BF4B-00C04F79EFBC}") = "SchoolManager.UnitTests", "SchoolManager.UnitTests\SchoolManager.UnitTests.csproj", "{3762267F-DC35-46E7-8F88-CD4BEE50E344}"
EndProject
Global
	GlobalSection(SolutionConfigurationPlatforms) = preSolution
		Debug|Any CPU = Debug|Any CPU
		Release|Any CPU = Release|Any CPU
	EndGlobalSection
	GlobalSection(ProjectConfigurationPlatforms) = postSolution
		{6FCD1E6B-03DE-49E0-94AD-D2784039ACC1}.Debug|Any CPU.ActiveCfg = Debug|Any CPU
		{6FCD1E6B-03DE-49E0-94AD-D2784039ACC1}.Debug|Any CPU.Build.0 = Debug|Any CPU
		{6FCD1E6B-03DE-49E0-94AD-D2784039ACC1}.Release|Any CPU.ActiveCfg = Release|Any CPU
		{6FCD1E6B-03DE-49E0-94AD-D2784039ACC1}.Release|Any CPU.Build.0 = Release|Any CPU
		{FE7AF92E-2C8C-4113-8BF1-25B392F30A4D}.Debug|Any CPU.ActiveCfg = Debug|Any CPU
		{FE7AF92E-2C8C-4113-8BF1-25B392F30A4D}.Debug|Any CPU.Build.0 = Debug|Any CPU
		{FE7AF92E-2C8C-4113-8BF1-25B392F30A4D}.Release|Any CPU.ActiveCfg = Release|Any CPU
		{FE7AF92E-2C8C-4113-8BF1-25B392F30A4D}.Release|Any CPU.Build.0 = Release|Any CPU
		{5D3AD87E-FA96-4793-9765-540FAE0898B2}.Debug|Any CPU.ActiveCfg = Debug|Any CPU
		{5D3AD87E-FA96-4793-9765-540FAE0898B2}.Debug|Any CPU.Build.0 = Debug|Any CPU
		{5D3AD87E-FA96-4793-9765-540FAE0898B2}.Release|Any CPU.ActiveCfg = Release|Any CPU
		{5D3AD87E-FA96-4793-9765-540FAE0898B2}.Release|Any CPU.Build.0 = Release|Any CPU
		{BD41562C-DB5D-478D-8484-935E4E3DA850}.Debug|Any CPU.ActiveCfg = Debug|Any CPU
		{BD41562C-DB5D-478D-8484-935E4E3DA850}.Debug|Any CPU.Build.0 = Debug|Any CPU
		{BD41562C-DB5D-478D-8484-935E4E3DA850}.Release|Any CPU.ActiveCfg = Release|Any CPU
		{BD41562C-DB5D-478D-8484-935E4E3DA850}.Release|Any CPU.Build.0 = Release|Any CPU
		{3762267F-DC35-46E7-8F88-CD4BEE50E344}.Debug|Any CPU.ActiveCfg = Debug|Any CPU
		{3762267F-DC35-46E7-8F88-CD4BEE50E344}.Debug|Any CPU.Build.0 = Debug|Any CPU
		{3762267F-DC35-46E7-8F88-CD4BEE50E344}.Release|Any CPU.ActiveCfg = Release|Any CPU
		{3762267F-DC35-46E7-8F88-CD4BEE50E344}.Release|Any CPU.Build.0 = Release|Any CPU
	EndGlobalSection
	GlobalSection(SolutionProperties) = preSolution
		HideSolutionNode = FALSE
	EndGlobalSection
	GlobalSection(NestedProjects) = preSolution
		{6FCD1E6B-03DE-49E0-94AD-D2784039ACC1} = {43784C98-3914-4CF9-AF26-D816E7752B3A}
		{FE7AF92E-2C8C-4113-8BF1-25B392F30A4D} = {2DDDD2E6-80BB-4156-8201-ED6813E36CA0}
		{5D3AD87E-FA96-4793-9765-540FAE0898B2} = {D7FE1AA5-5F97-4662-9B07-2E868256DE1E}
		{BD41562C-DB5D-478D-8484-935E4E3DA850} = {FD43F1FF-6B0C-40B0-B92C-6B72DCB41453}
		{3762267F-DC35-46E7-8F88-CD4BEE50E344} = {B283163A-0809-461C-B628-A27802D1A8B1}
	EndGlobalSection
	GlobalSection(ExtensibilityGlobals) = postSolution
		SolutionGuid = {416E0A28-F987-490A-A3A1-DA3587725A7D}
	EndGlobalSection
EndGlobal
